
Microsoft Visual Studio Solution File, Format Version 12.00
# Visual Studio Version 16
VisualStudioVersion = 16.0.29306.81
MinimumVisualStudioVersion = 10.0.40219.1
Project("{FAE04EC0-301F-11D3-BF4B-00C04F79EFBC}") = "WebUI", "WebUI\WebUI.csproj", "{8F068A9A-83D8-4FA4-A529-37F0429DC5D3}"
EndProject
Global
	GlobalSection(SolutionConfigurationPlatforms) = preSolution
		Debug|Any CPU = Debug|Any CPU
		Release|Any CPU = Release|Any CPU
	EndGlobalSection
	GlobalSection(ProjectConfigurationPlatforms) = postSolution
		{8F068A9A-83D8-4FA4-A529-37F0429DC5D3}.Debug|Any CPU.ActiveCfg = Debug|Any CPU
		{8F068A9A-83D8-4FA4-A529-37F0429DC5D3}.Debug|Any CPU.Build.0 = Debug|Any CPU
		{8F068A9A-83D8-4FA4-A529-37F0429DC5D3}.Release|Any CPU.ActiveCfg = Release|Any CPU
		{8F068A9A-83D8-4FA4-A529-37F0429DC5D3}.Release|Any CPU.Build.0 = Release|Any CPU
	EndGlobalSection
	GlobalSection(SolutionProperties) = preSolution
		HideSolutionNode = FALSE
	EndGlobalSection
	GlobalSection(ExtensibilityGlobals) = postSolution
		SolutionGuid = {7E000B52-A28F-4D15-BE84-27570CBE3272}
	EndGlobalSection
EndGlobal
